// !$*UTF8*$!
{
	archiveVersion = 1;
	classes = {
	};
	objectVersion = 56;
	objects = {

/* Begin PBXBuildFile section */
		311820BF29258F260067A2C1 /* RepoSaverHESApp.swift in Sources */ = {isa = PBXBuildFile; fileRef = 311820BE29258F260067A2C1 /* RepoSaverHESApp.swift */; };
		311820C129258F260067A2C1 /* ContentView.swift in Sources */ = {isa = PBXBuildFile; fileRef = 311820C029258F260067A2C1 /* ContentView.swift */; };
		311820C329258F270067A2C1 /* Assets.xcassets in Resources */ = {isa = PBXBuildFile; fileRef = 311820C229258F270067A2C1 /* Assets.xcassets */; };
		311820C629258F270067A2C1 /* Preview Assets.xcassets in Resources */ = {isa = PBXBuildFile; fileRef = 311820C529258F270067A2C1 /* Preview Assets.xcassets */; };
		311820D3292590DC0067A2C1 /* Realm in Frameworks */ = {isa = PBXBuildFile; productRef = 311820D2292590DC0067A2C1 /* Realm */; };
		311820D5292590DC0067A2C1 /* RealmSwift in Frameworks */ = {isa = PBXBuildFile; productRef = 311820D4292590DC0067A2C1 /* RealmSwift */; };
		311820D8292591090067A2C1 /* Moya in Frameworks */ = {isa = PBXBuildFile; productRef = 311820D7292591090067A2C1 /* Moya */; };
/* End PBXBuildFile section */

/* Begin PBXFileReference section */
		311820BB29258F260067A2C1 /* RepoSaverHES.app */ = {isa = PBXFileReference; explicitFileType = wrapper.application; includeInIndex = 0; path = RepoSaverHES.app; sourceTree = BUILT_PRODUCTS_DIR; };
		311820BE29258F260067A2C1 /* RepoSaverHESApp.swift */ = {isa = PBXFileReference; lastKnownFileType = sourcecode.swift; path = RepoSaverHESApp.swift; sourceTree = "<group>"; };
		311820C029258F260067A2C1 /* ContentView.swift */ = {isa = PBXFileReference; lastKnownFileType = sourcecode.swift; path = ContentView.swift; sourceTree = "<group>"; };
		311820C229258F270067A2C1 /* Assets.xcassets */ = {isa = PBXFileReference; lastKnownFileType = folder.assetcatalog; path = Assets.xcassets; sourceTree = "<group>"; };
		311820C529258F270067A2C1 /* Preview Assets.xcassets */ = {isa = PBXFileReference; lastKnownFileType = folder.assetcatalog; path = "Preview Assets.xcassets"; sourceTree = "<group>"; };
/* End PBXFileReference section */

/* Begin PBXFrameworksBuildPhase section */
		311820B829258F260067A2C1 /* Frameworks */ = {
			isa = PBXFrameworksBuildPhase;
			buildActionMask = 2147483647;
			files = (
				311820D5292590DC0067A2C1 /* RealmSwift in Frameworks */,
				311820D3292590DC0067A2C1 /* Realm in Frameworks */,
				311820D8292591090067A2C1 /* Moya in Frameworks */,
			);
			runOnlyForDeploymentPostprocessing = 0;
		};
/* End PBXFrameworksBuildPhase section */

/* Begin PBXGroup section */
		311820B229258F260067A2C1 = {
			isa = PBXGroup;
			children = (
				311820BD29258F260067A2C1 /* RepoSaverHES */,
				311820BC29258F260067A2C1 /* Products */,
			);
			sourceTree = "<group>";
		};
		311820BC29258F260067A2C1 /* Products */ = {
			isa = PBXGroup;
			children = (
				311820BB29258F260067A2C1 /* RepoSaverHES.app */,
			);
			name = Products;
			sourceTree = "<group>";
		};
		311820BD29258F260067A2C1 /* RepoSaverHES */ = {
			isa = PBXGroup;
			children = (
				311820BE29258F260067A2C1 /* RepoSaverHESApp.swift */,
				311820CC29258F8B0067A2C1 /* Views */,
				311820CE29258F9D0067A2C1 /* Models */,
				311820CD29258F970067A2C1 /* ViewModels */,
				311820D029258FAF0067A2C1 /* Networking */,
				311820CF29258FA50067A2C1 /* Extensions */,
				311820C229258F270067A2C1 /* Assets.xcassets */,
				311820C429258F270067A2C1 /* Preview Content */,
			);
			path = RepoSaverHES;
			sourceTree = "<group>";
		};
		311820C429258F270067A2C1 /* Preview Content */ = {
			isa = PBXGroup;
			children = (
				311820C529258F270067A2C1 /* Preview Assets.xcassets */,
			);
			path = "Preview Content";
			sourceTree = "<group>";
		};
		311820CC29258F8B0067A2C1 /* Views */ = {
			isa = PBXGroup;
			children = (
				311820C029258F260067A2C1 /* ContentView.swift */,
			);
			path = Views;
			sourceTree = "<group>";
		};
		311820CD29258F970067A2C1 /* ViewModels */ = {
			isa = PBXGroup;
			children = (
			);
			path = ViewModels;
			sourceTree = "<group>";
		};
		311820CE29258F9D0067A2C1 /* Models */ = {
			isa = PBXGroup;
			children = (
			);
			path = Models;
			sourceTree = "<group>";
		};
		311820CF29258FA50067A2C1 /* Extensions */ = {
			isa = PBXGroup;
			children = (
			);
			path = Extensions;
			sourceTree = "<group>";
		};
		311820D029258FAF0067A2C1 /* Networking */ = {
			isa = PBXGroup;
			children = (
			);
			path = Networking;
			sourceTree = "<group>";
		};
/* End PBXGroup section */

/* Begin PBXNativeTarget section */
		311820BA29258F260067A2C1 /* RepoSaverHES */ = {
			isa = PBXNativeTarget;
			buildConfigurationList = 311820C929258F270067A2C1 /* Build configuration list for PBXNativeTarget "RepoSaverHES" */;
			buildPhases = (
				311820B729258F260067A2C1 /* Sources */,
				311820B829258F260067A2C1 /* Frameworks */,
				311820B929258F260067A2C1 /* Resources */,
			);
			buildRules = (
			);
			dependencies = (
			);
			name = RepoSaverHES;
			packageProductDependencies = (
				311820D2292590DC0067A2C1 /* Realm */,
				311820D4292590DC0067A2C1 /* RealmSwift */,
				311820D7292591090067A2C1 /* Moya */,
			);
			productName = RepoSaverHES;
			productReference = 311820BB29258F260067A2C1 /* RepoSaverHES.app */;
			productType = "com.apple.product-type.application";
		};
/* End PBXNativeTarget section */

/* Begin PBXProject section */
		311820B329258F260067A2C1 /* Project object */ = {
			isa = PBXProject;
			attributes = {
				BuildIndependentTargetsInParallel = 1;
				LastSwiftUpdateCheck = 1400;
				LastUpgradeCheck = 1400;
				TargetAttributes = {
					311820BA29258F260067A2C1 = {
						CreatedOnToolsVersion = 14.0;
					};
				};
			};
			buildConfigurationList = 311820B629258F260067A2C1 /* Build configuration list for PBXProject "RepoSaverHES" */;
			compatibilityVersion = "Xcode 14.0";
			developmentRegion = en;
			hasScannedForEncodings = 0;
			knownRegions = (
				en,
				Base,
			);
			mainGroup = 311820B229258F260067A2C1;
			packageReferences = (
				311820D1292590DC0067A2C1 /* XCRemoteSwiftPackageReference "realm-cocoa" */,
				311820D6292591090067A2C1 /* XCRemoteSwiftPackageReference "Moya" */,
			);
			productRefGroup = 311820BC29258F260067A2C1 /* Products */;
			projectDirPath = "";
			projectRoot = "";
			targets = (
				311820BA29258F260067A2C1 /* RepoSaverHES */,
			);
		};
/* End PBXProject section */

/* Begin PBXResourcesBuildPhase section */
		311820B929258F260067A2C1 /* Resources */ = {
			isa = PBXResourcesBuildPhase;
			buildActionMask = 2147483647;
			files = (
				311820C629258F270067A2C1 /* Preview Assets.xcassets in Resources */,
				311820C329258F270067A2C1 /* Assets.xcassets in Resources */,
			);
			runOnlyForDeploymentPostprocessing = 0;
		};
/* End PBXResourcesBuildPhase section */

/* Begin PBXSourcesBuildPhase section */
		311820B729258F260067A2C1 /* Sources */ = {
			isa = PBXSourcesBuildPhase;
			buildActionMask = 2147483647;
			files = (
				311820C129258F260067A2C1 /* ContentView.swift in Sources */,
				311820BF29258F260067A2C1 /* RepoSaverHESApp.swift in Sources */,
			);
			runOnlyForDeploymentPostprocessing = 0;
		};
/* End PBXSourcesBuildPhase section */

/* Begin XCBuildConfiguration section */
		311820C729258F270067A2C1 /* Debug */ = {
			isa = XCBuildConfiguration;
			buildSettings = {
				ALWAYS_SEARCH_USER_PATHS = NO;
				CLANG_ANALYZER_NONNULL = YES;
				CLANG_ANALYZER_NUMBER_OBJECT_CONVERSION = YES_AGGRESSIVE;
				CLANG_CXX_LANGUAGE_STANDARD = "gnu++20";
				CLANG_ENABLE_MODULES = YES;
				CLANG_ENABLE_OBJC_ARC = YES;
				CLANG_ENABLE_OBJC_WEAK = YES;
				CLANG_WARN_BLOCK_CAPTURE_AUTORELEASING = YES;
				CLANG_WARN_BOOL_CONVERSION = YES;
				CLANG_WARN_COMMA = YES;
				CLANG_WARN_CONSTANT_CONVERSION = YES;
				CLANG_WARN_DEPRECATED_OBJC_IMPLEMENTATIONS = YES;
				CLANG_WARN_DIRECT_OBJC_ISA_USAGE = YES_ERROR;
				CLANG_WARN_DOCUMENTATION_COMMENTS = YES;
				CLANG_WARN_EMPTY_BODY = YES;
				CLANG_WARN_ENUM_CONVERSION = YES;
				CLANG_WARN_INFINITE_RECURSION = YES;
				CLANG_WARN_INT_CONVERSION = YES;
				CLANG_WARN_NON_LITERAL_NULL_CONVERSION = YES;
				CLANG_WARN_OBJC_IMPLICIT_RETAIN_SELF = YES;
				CLANG_WARN_OBJC_LITERAL_CONVERSION = YES;
				CLANG_WARN_OBJC_ROOT_CLASS = YES_ERROR;
				CLANG_WARN_QUOTED_INCLUDE_IN_FRAMEWORK_HEADER = YES;
				CLANG_WARN_RANGE_LOOP_ANALYSIS = YES;
				CLANG_WARN_STRICT_PROTOTYPES = YES;
				CLANG_WARN_SUSPICIOUS_MOVE = YES;
				CLANG_WARN_UNGUARDED_AVAILABILITY = YES_AGGRESSIVE;
				CLANG_WARN_UNREACHABLE_CODE = YES;
				CLANG_WARN__DUPLICATE_METHOD_MATCH = YES;
				COPY_PHASE_STRIP = NO;
				DEBUG_INFORMATION_FORMAT = dwarf;
				ENABLE_STRICT_OBJC_MSGSEND = YES;
				ENABLE_TESTABILITY = YES;
				GCC_C_LANGUAGE_STANDARD = gnu11;
				GCC_DYNAMIC_NO_PIC = NO;
				GCC_NO_COMMON_BLOCKS = YES;
				GCC_OPTIMIZATION_LEVEL = 0;
				GCC_PREPROCESSOR_DEFINITIONS = (
					"DEBUG=1",
					"$(inherited)",
				);
				GCC_WARN_64_TO_32_BIT_CONVERSION = YES;
				GCC_WARN_ABOUT_RETURN_TYPE = YES_ERROR;
				GCC_WARN_UNDECLARED_SELECTOR = YES;
				GCC_WARN_UNINITIALIZED_AUTOS = YES_AGGRESSIVE;
				GCC_WARN_UNUSED_FUNCTION = YES;
				GCC_WARN_UNUSED_VARIABLE = YES;
				IPHONEOS_DEPLOYMENT_TARGET = 16.0;
				MTL_ENABLE_DEBUG_INFO = INCLUDE_SOURCE;
				MTL_FAST_MATH = YES;
				ONLY_ACTIVE_ARCH = YES;
				SDKROOT = iphoneos;
				SWIFT_ACTIVE_COMPILATION_CONDITIONS = DEBUG;
				SWIFT_OPTIMIZATION_LEVEL = "-Onone";
			};
			name = Debug;
		};
		311820C829258F270067A2C1 /* Release */ = {
			isa = XCBuildConfiguration;
			buildSettings = {
				ALWAYS_SEARCH_USER_PATHS = NO;
				CLANG_ANALYZER_NONNULL = YES;
				CLANG_ANALYZER_NUMBER_OBJECT_CONVERSION = YES_AGGRESSIVE;
				CLANG_CXX_LANGUAGE_STANDARD = "gnu++20";
				CLANG_ENABLE_MODULES = YES;
				CLANG_ENABLE_OBJC_ARC = YES;
				CLANG_ENABLE_OBJC_WEAK = YES;
				CLANG_WARN_BLOCK_CAPTURE_AUTORELEASING = YES;
				CLANG_WARN_BOOL_CONVERSION = YES;
				CLANG_WARN_COMMA = YES;
				CLANG_WARN_CONSTANT_CONVERSION = YES;
				CLANG_WARN_DEPRECATED_OBJC_IMPLEMENTATIONS = YES;
				CLANG_WARN_DIRECT_OBJC_ISA_USAGE = YES_ERROR;
				CLANG_WARN_DOCUMENTATION_COMMENTS = YES;
				CLANG_WARN_EMPTY_BODY = YES;
				CLANG_WARN_ENUM_CONVERSION = YES;
				CLANG_WARN_INFINITE_RECURSION = YES;
				CLANG_WARN_INT_CONVERSION = YES;
				CLANG_WARN_NON_LITERAL_NULL_CONVERSION = YES;
				CLANG_WARN_OBJC_IMPLICIT_RETAIN_SELF = YES;
				CLANG_WARN_OBJC_LITERAL_CONVERSION = YES;
				CLANG_WARN_OBJC_ROOT_CLASS = YES_ERROR;
				CLANG_WARN_QUOTED_INCLUDE_IN_FRAMEWORK_HEADER = YES;
				CLANG_WARN_RANGE_LOOP_ANALYSIS = YES;
				CLANG_WARN_STRICT_PROTOTYPES = YES;
				CLANG_WARN_SUSPICIOUS_MOVE = YES;
				CLANG_WARN_UNGUARDED_AVAILABILITY = YES_AGGRESSIVE;
				CLANG_WARN_UNREACHABLE_CODE = YES;
				CLANG_WARN__DUPLICATE_METHOD_MATCH = YES;
				COPY_PHASE_STRIP = NO;
				DEBUG_INFORMATION_FORMAT = "dwarf-with-dsym";
				ENABLE_NS_ASSERTIONS = NO;
				ENABLE_STRICT_OBJC_MSGSEND = YES;
				GCC_C_LANGUAGE_STANDARD = gnu11;
				GCC_NO_COMMON_BLOCKS = YES;
				GCC_WARN_64_TO_32_BIT_CONVERSION = YES;
				GCC_WARN_ABOUT_RETURN_TYPE = YES_ERROR;
				GCC_WARN_UNDECLARED_SELECTOR = YES;
				GCC_WARN_UNINITIALIZED_AUTOS = YES_AGGRESSIVE;
				GCC_WARN_UNUSED_FUNCTION = YES;
				GCC_WARN_UNUSED_VARIABLE = YES;
				IPHONEOS_DEPLOYMENT_TARGET = 16.0;
				MTL_ENABLE_DEBUG_INFO = NO;
				MTL_FAST_MATH = YES;
				SDKROOT = iphoneos;
				SWIFT_COMPILATION_MODE = wholemodule;
				SWIFT_OPTIMIZATION_LEVEL = "-O";
				VALIDATE_PRODUCT = YES;
			};
			name = Release;
		};
		311820CA29258F270067A2C1 /* Debug */ = {
			isa = XCBuildConfiguration;
			buildSettings = {
				ASSETCATALOG_COMPILER_APPICON_NAME = AppIcon;
				ASSETCATALOG_COMPILER_GLOBAL_ACCENT_COLOR_NAME = AccentColor;
				CODE_SIGN_STYLE = Automatic;
				CURRENT_PROJECT_VERSION = 1;
				DEVELOPMENT_ASSET_PATHS = "\"RepoSaverHES/Preview Content\"";
				DEVELOPMENT_TEAM = 7HSG94ANS5;
				ENABLE_PREVIEWS = YES;
				GENERATE_INFOPLIST_FILE = YES;
				INFOPLIST_KEY_UIApplicationSceneManifest_Generation = YES;
				INFOPLIST_KEY_UIApplicationSupportsIndirectInputEvents = YES;
				INFOPLIST_KEY_UILaunchScreen_Generation = YES;
				INFOPLIST_KEY_UISupportedInterfaceOrientations_iPad = "UIInterfaceOrientationPortrait UIInterfaceOrientationPortraitUpsideDown UIInterfaceOrientationLandscapeLeft UIInterfaceOrientationLandscapeRight";
				INFOPLIST_KEY_UISupportedInterfaceOrientations_iPhone = "UIInterfaceOrientationPortrait UIInterfaceOrientationLandscapeLeft UIInterfaceOrientationLandscapeRight";
				LD_RUNPATH_SEARCH_PATHS = (
					"$(inherited)",
					"@executable_path/Frameworks",
				);
				MARKETING_VERSION = 1.0;
				PRODUCT_BUNDLE_IDENTIFIER = com.c0derDre.RepoSaverHES;
				PRODUCT_NAME = "$(TARGET_NAME)";
				SWIFT_EMIT_LOC_STRINGS = YES;
				SWIFT_VERSION = 5.0;
				TARGETED_DEVICE_FAMILY = "1,2";
			};
			name = Debug;
		};
		311820CB29258F270067A2C1 /* Release */ = {
			isa = XCBuildConfiguration;
			buildSettings = {
				ASSETCATALOG_COMPILER_APPICON_NAME = AppIcon;
				ASSETCATALOG_COMPILER_GLOBAL_ACCENT_COLOR_NAME = AccentColor;
				CODE_SIGN_STYLE = Automatic;
				CURRENT_PROJECT_VERSION = 1;
				DEVELOPMENT_ASSET_PATHS = "\"RepoSaverHES/Preview Content\"";
				DEVELOPMENT_TEAM = 7HSG94ANS5;
				ENABLE_PREVIEWS = YES;
				GENERATE_INFOPLIST_FILE = YES;
				INFOPLIST_KEY_UIApplicationSceneManifest_Generation = YES;
				INFOPLIST_KEY_UIApplicationSupportsIndirectInputEvents = YES;
				INFOPLIST_KEY_UILaunchScreen_Generation = YES;
				INFOPLIST_KEY_UISupportedInterfaceOrientations_iPad = "UIInterfaceOrientationPortrait UIInterfaceOrientationPortraitUpsideDown UIInterfaceOrientationLandscapeLeft UIInterfaceOrientationLandscapeRight";
				INFOPLIST_KEY_UISupportedInterfaceOrientations_iPhone = "UIInterfaceOrientationPortrait UIInterfaceOrientationLandscapeLeft UIInterfaceOrientationLandscapeRight";
				LD_RUNPATH_SEARCH_PATHS = (
					"$(inherited)",
					"@executable_path/Frameworks",
				);
				MARKETING_VERSION = 1.0;
				PRODUCT_BUNDLE_IDENTIFIER = com.c0derDre.RepoSaverHES;
				PRODUCT_NAME = "$(TARGET_NAME)";
				SWIFT_EMIT_LOC_STRINGS = YES;
				SWIFT_VERSION = 5.0;
				TARGETED_DEVICE_FAMILY = "1,2";
			};
			name = Release;
		};
/* End XCBuildConfiguration section */

/* Begin XCConfigurationList section */
		311820B629258F260067A2C1 /* Build configuration list for PBXProject "RepoSaverHES" */ = {
			isa = XCConfigurationList;
			buildConfigurations = (
				311820C729258F270067A2C1 /* Debug */,
				311820C829258F270067A2C1 /* Release */,
			);
			defaultConfigurationIsVisible = 0;
			defaultConfigurationName = Release;
		};
		311820C929258F270067A2C1 /* Build configuration list for PBXNativeTarget "RepoSaverHES" */ = {
			isa = XCConfigurationList;
			buildConfigurations = (
				311820CA29258F270067A2C1 /* Debug */,
				311820CB29258F270067A2C1 /* Release */,
			);
			defaultConfigurationIsVisible = 0;
			defaultConfigurationName = Release;
		};
/* End XCConfigurationList section */

/* Begin XCRemoteSwiftPackageReference section */
		311820D1292590DC0067A2C1 /* XCRemoteSwiftPackageReference "realm-cocoa" */ = {
			isa = XCRemoteSwiftPackageReference;
			repositoryURL = "https://github.com/realm/realm-cocoa";
			requirement = {
				branch = master;
				kind = branch;
			};
		};
		311820D6292591090067A2C1 /* XCRemoteSwiftPackageReference "Moya" */ = {
			isa = XCRemoteSwiftPackageReference;
			repositoryURL = "https://github.com/Moya/Moya.git";
			requirement = {
				branch = master;
				kind = branch;
			};
		};
/* End XCRemoteSwiftPackageReference section */

/* Begin XCSwiftPackageProductDependency section */
		311820D2292590DC0067A2C1 /* Realm */ = {
			isa = XCSwiftPackageProductDependency;
			package = 311820D1292590DC0067A2C1 /* XCRemoteSwiftPackageReference "realm-cocoa" */;
			productName = Realm;
		};
		311820D4292590DC0067A2C1 /* RealmSwift */ = {
			isa = XCSwiftPackageProductDependency;
			package = 311820D1292590DC0067A2C1 /* XCRemoteSwiftPackageReference "realm-cocoa" */;
			productName = RealmSwift;
		};
		311820D7292591090067A2C1 /* Moya */ = {
			isa = XCSwiftPackageProductDependency;
			package = 311820D6292591090067A2C1 /* XCRemoteSwiftPackageReference "Moya" */;
			productName = Moya;
		};
/* End XCSwiftPackageProductDependency section */
	};
	rootObject = 311820B329258F260067A2C1 /* Project object */;
}
