// !$*UTF8*$!
{
	archiveVersion = 1;
	classes = {
	};
	objectVersion = 56;
	objects = {

/* Begin PBXBuildFile section */
		311820BF29258F260067A2C1 /* RepoSaverHESApp.swift in Sources */ = {isa = PBXBuildFile; fileRef = 311820BE29258F260067A2C1 /* RepoSaverHESApp.swift */; };
		311820C129258F260067A2C1 /* RepoListView.swift in Sources */ = {isa = PBXBuildFile; fileRef = 311820C029258F260067A2C1 /* RepoListView.swift */; };
		311820C329258F270067A2C1 /* Assets.xcassets in Resources */ = {isa = PBXBuildFile; fileRef = 311820C229258F270067A2C1 /* Assets.xcassets */; };
		311820C629258F270067A2C1 /* Preview Assets.xcassets in Resources */ = {isa = PBXBuildFile; fileRef = 311820C529258F270067A2C1 /* Preview Assets.xcassets */; };
		311820D3292590DC0067A2C1 /* Realm in Frameworks */ = {isa = PBXBuildFile; productRef = 311820D2292590DC0067A2C1 /* Realm */; };
		311820D5292590DC0067A2C1 /* RealmSwift in Frameworks */ = {isa = PBXBuildFile; productRef = 311820D4292590DC0067A2C1 /* RealmSwift */; };
		311820D8292591090067A2C1 /* Moya in Frameworks */ = {isa = PBXBuildFile; productRef = 311820D7292591090067A2C1 /* Moya */; };
		3132AA0129280A22006DE243 /* Item.swift in Sources */ = {isa = PBXBuildFile; fileRef = 3132AA0029280A22006DE243 /* Item.swift */; };
		3132AA032928470A006DE243 /* AvatarImage.swift in Sources */ = {isa = PBXBuildFile; fileRef = 3132AA022928470A006DE243 /* AvatarImage.swift */; };
		3132AA09292915B6006DE243 /* FavoritesView.swift in Sources */ = {isa = PBXBuildFile; fileRef = 3132AA08292915B6006DE243 /* FavoritesView.swift */; };
		3132AA0B29292395006DE243 /* Binding-Ext.swift in Sources */ = {isa = PBXBuildFile; fileRef = 3132AA0A29292395006DE243 /* Binding-Ext.swift */; };
		3132AA0E29294324006DE243 /* LocalFileManager.swift in Sources */ = {isa = PBXBuildFile; fileRef = 3132AA0D29294324006DE243 /* LocalFileManager.swift */; };
		3132AA102929511D006DE243 /* String-Ext.swift in Sources */ = {isa = PBXBuildFile; fileRef = 3132AA0F2929511D006DE243 /* String-Ext.swift */; };
		3132AA122929A49B006DE243 /* RepoBody.swift in Sources */ = {isa = PBXBuildFile; fileRef = 3132AA112929A49B006DE243 /* RepoBody.swift */; };
		3132AA152929A894006DE243 /* CustomBorder.swift in Sources */ = {isa = PBXBuildFile; fileRef = 3132AA142929A894006DE243 /* CustomBorder.swift */; };
		3132AA172929AB4B006DE243 /* FavoriteVM.swift in Sources */ = {isa = PBXBuildFile; fileRef = 3132AA162929AB4B006DE243 /* FavoriteVM.swift */; };
		3132AA192929DF59006DE243 /* CacheManager.swift in Sources */ = {isa = PBXBuildFile; fileRef = 3132AA182929DF59006DE243 /* CacheManager.swift */; };
		3132AA1B2929E971006DE243 /* Color-Ext.swift in Sources */ = {isa = PBXBuildFile; fileRef = 3132AA1A2929E971006DE243 /* Color-Ext.swift */; };
		31CD06412925927700D0640D /* Repo.swift in Sources */ = {isa = PBXBuildFile; fileRef = 31CD06402925927700D0640D /* Repo.swift */; };
		31CD06432925931B00D0640D /* Owner.swift in Sources */ = {isa = PBXBuildFile; fileRef = 31CD06422925931B00D0640D /* Owner.swift */; };
		31CD06452925935A00D0640D /* Favorite.swift in Sources */ = {isa = PBXBuildFile; fileRef = 31CD06442925935A00D0640D /* Favorite.swift */; };
		31CD06472925A01300D0640D /* MoyaTarget.swift in Sources */ = {isa = PBXBuildFile; fileRef = 31CD06462925A01300D0640D /* MoyaTarget.swift */; };
		31CD06492925A06300D0640D /* RepoService.swift in Sources */ = {isa = PBXBuildFile; fileRef = 31CD06482925A06300D0640D /* RepoService.swift */; };
		31CD064B2925A14800D0640D /* RepoVM.swift in Sources */ = {isa = PBXBuildFile; fileRef = 31CD064A2925A14800D0640D /* RepoVM.swift */; };
		31D192B52925CFAB00CD869E /* Colors.xcassets in Resources */ = {isa = PBXBuildFile; fileRef = 31D192B42925CFAB00CD869E /* Colors.xcassets */; };
		31D192B92925DB0500CD869E /* RepoCell.swift in Sources */ = {isa = PBXBuildFile; fileRef = 31D192B82925DB0500CD869E /* RepoCell.swift */; };
		31D192BB2925F1EC00CD869E /* RepoHeader.swift in Sources */ = {isa = PBXBuildFile; fileRef = 31D192BA2925F1EC00CD869E /* RepoHeader.swift */; };
		31D192BD2925F3E800CD869E /* RepoCellVM.swift in Sources */ = {isa = PBXBuildFile; fileRef = 31D192BC2925F3E800CD869E /* RepoCellVM.swift */; };
		31D192BF2925FC5700CD869E /* Dictionary-Ext.swift in Sources */ = {isa = PBXBuildFile; fileRef = 31D192BE2925FC5700CD869E /* Dictionary-Ext.swift */; };
		31DA8E3329270A3D0055098D /* RepoSearchBar.swift in Sources */ = {isa = PBXBuildFile; fileRef = 31DA8E3229270A3D0055098D /* RepoSearchBar.swift */; };
		31E9608E2926B3E3008DCFB3 /* AlamofireImage in Frameworks */ = {isa = PBXBuildFile; productRef = 31E9608D2926B3E3008DCFB3 /* AlamofireImage */; };
		31E960902926C93E008DCFB3 /* HostingController.swift in Sources */ = {isa = PBXBuildFile; fileRef = 31E9608F2926C93E008DCFB3 /* HostingController.swift */; };
/* End PBXBuildFile section */

/* Begin PBXFileReference section */
		311820BB29258F260067A2C1 /* RepoSaverHES.app */ = {isa = PBXFileReference; explicitFileType = wrapper.application; includeInIndex = 0; path = RepoSaverHES.app; sourceTree = BUILT_PRODUCTS_DIR; };
		311820BE29258F260067A2C1 /* RepoSaverHESApp.swift */ = {isa = PBXFileReference; lastKnownFileType = sourcecode.swift; path = RepoSaverHESApp.swift; sourceTree = "<group>"; };
		311820C029258F260067A2C1 /* RepoListView.swift */ = {isa = PBXFileReference; lastKnownFileType = sourcecode.swift; path = RepoListView.swift; sourceTree = "<group>"; };
		311820C229258F270067A2C1 /* Assets.xcassets */ = {isa = PBXFileReference; lastKnownFileType = folder.assetcatalog; path = Assets.xcassets; sourceTree = "<group>"; };
		311820C529258F270067A2C1 /* Preview Assets.xcassets */ = {isa = PBXFileReference; lastKnownFileType = folder.assetcatalog; path = "Preview Assets.xcassets"; sourceTree = "<group>"; };
		3132A9FF2927F40D006DE243 /* ToDo.md */ = {isa = PBXFileReference; lastKnownFileType = net.daringfireball.markdown; path = ToDo.md; sourceTree = "<group>"; };
		3132AA0029280A22006DE243 /* Item.swift */ = {isa = PBXFileReference; lastKnownFileType = sourcecode.swift; path = Item.swift; sourceTree = "<group>"; };
		3132AA022928470A006DE243 /* AvatarImage.swift */ = {isa = PBXFileReference; lastKnownFileType = sourcecode.swift; path = AvatarImage.swift; sourceTree = "<group>"; };
		3132AA08292915B6006DE243 /* FavoritesView.swift */ = {isa = PBXFileReference; lastKnownFileType = sourcecode.swift; path = FavoritesView.swift; sourceTree = "<group>"; };
		3132AA0A29292395006DE243 /* Binding-Ext.swift */ = {isa = PBXFileReference; lastKnownFileType = sourcecode.swift; path = "Binding-Ext.swift"; sourceTree = "<group>"; };
		3132AA0D29294324006DE243 /* LocalFileManager.swift */ = {isa = PBXFileReference; lastKnownFileType = sourcecode.swift; path = LocalFileManager.swift; sourceTree = "<group>"; };
		3132AA0F2929511D006DE243 /* String-Ext.swift */ = {isa = PBXFileReference; lastKnownFileType = sourcecode.swift; path = "String-Ext.swift"; sourceTree = "<group>"; };
		3132AA112929A49B006DE243 /* RepoBody.swift */ = {isa = PBXFileReference; lastKnownFileType = sourcecode.swift; path = RepoBody.swift; sourceTree = "<group>"; };
		3132AA142929A894006DE243 /* CustomBorder.swift */ = {isa = PBXFileReference; lastKnownFileType = sourcecode.swift; path = CustomBorder.swift; sourceTree = "<group>"; };
		3132AA162929AB4B006DE243 /* FavoriteVM.swift */ = {isa = PBXFileReference; lastKnownFileType = sourcecode.swift; path = FavoriteVM.swift; sourceTree = "<group>"; };
		3132AA182929DF59006DE243 /* CacheManager.swift */ = {isa = PBXFileReference; lastKnownFileType = sourcecode.swift; path = CacheManager.swift; sourceTree = "<group>"; };
		3132AA1A2929E971006DE243 /* Color-Ext.swift */ = {isa = PBXFileReference; lastKnownFileType = sourcecode.swift; path = "Color-Ext.swift"; sourceTree = "<group>"; };
		31CD06402925927700D0640D /* Repo.swift */ = {isa = PBXFileReference; lastKnownFileType = sourcecode.swift; path = Repo.swift; sourceTree = "<group>"; };
		31CD06422925931B00D0640D /* Owner.swift */ = {isa = PBXFileReference; lastKnownFileType = sourcecode.swift; path = Owner.swift; sourceTree = "<group>"; };
		31CD06442925935A00D0640D /* Favorite.swift */ = {isa = PBXFileReference; lastKnownFileType = sourcecode.swift; path = Favorite.swift; sourceTree = "<group>"; };
		31CD06462925A01300D0640D /* MoyaTarget.swift */ = {isa = PBXFileReference; lastKnownFileType = sourcecode.swift; path = MoyaTarget.swift; sourceTree = "<group>"; };
		31CD06482925A06300D0640D /* RepoService.swift */ = {isa = PBXFileReference; lastKnownFileType = sourcecode.swift; path = RepoService.swift; sourceTree = "<group>"; };
		31CD064A2925A14800D0640D /* RepoVM.swift */ = {isa = PBXFileReference; lastKnownFileType = sourcecode.swift; path = RepoVM.swift; sourceTree = "<group>"; };
		31D192B42925CFAB00CD869E /* Colors.xcassets */ = {isa = PBXFileReference; lastKnownFileType = folder.assetcatalog; path = Colors.xcassets; sourceTree = "<group>"; };
		31D192B82925DB0500CD869E /* RepoCell.swift */ = {isa = PBXFileReference; lastKnownFileType = sourcecode.swift; path = RepoCell.swift; sourceTree = "<group>"; };
		31D192BA2925F1EC00CD869E /* RepoHeader.swift */ = {isa = PBXFileReference; lastKnownFileType = sourcecode.swift; path = RepoHeader.swift; sourceTree = "<group>"; };
		31D192BC2925F3E800CD869E /* RepoCellVM.swift */ = {isa = PBXFileReference; lastKnownFileType = sourcecode.swift; path = RepoCellVM.swift; sourceTree = "<group>"; };
		31D192BE2925FC5700CD869E /* Dictionary-Ext.swift */ = {isa = PBXFileReference; lastKnownFileType = sourcecode.swift; path = "Dictionary-Ext.swift"; sourceTree = "<group>"; };
		31DA8E3229270A3D0055098D /* RepoSearchBar.swift */ = {isa = PBXFileReference; lastKnownFileType = sourcecode.swift; path = RepoSearchBar.swift; sourceTree = "<group>"; };
		31E9608F2926C93E008DCFB3 /* HostingController.swift */ = {isa = PBXFileReference; lastKnownFileType = sourcecode.swift; path = HostingController.swift; sourceTree = "<group>"; };
		31E960912926D6B7008DCFB3 /* Info.plist */ = {isa = PBXFileReference; lastKnownFileType = text.plist; path = Info.plist; sourceTree = "<group>"; };
/* End PBXFileReference section */

/* Begin PBXFrameworksBuildPhase section */
		311820B829258F260067A2C1 /* Frameworks */ = {
			isa = PBXFrameworksBuildPhase;
			buildActionMask = 2147483647;
			files = (
				311820D5292590DC0067A2C1 /* RealmSwift in Frameworks */,
				31E9608E2926B3E3008DCFB3 /* AlamofireImage in Frameworks */,
				311820D3292590DC0067A2C1 /* Realm in Frameworks */,
				311820D8292591090067A2C1 /* Moya in Frameworks */,
			);
			runOnlyForDeploymentPostprocessing = 0;
		};
/* End PBXFrameworksBuildPhase section */

/* Begin PBXGroup section */
		311820B229258F260067A2C1 = {
			isa = PBXGroup;
			children = (
				3132A9FF2927F40D006DE243 /* ToDo.md */,
				311820BD29258F260067A2C1 /* RepoSaverHES */,
				311820BC29258F260067A2C1 /* Products */,
			);
			sourceTree = "<group>";
		};
		311820BC29258F260067A2C1 /* Products */ = {
			isa = PBXGroup;
			children = (
				311820BB29258F260067A2C1 /* RepoSaverHES.app */,
			);
			name = Products;
			sourceTree = "<group>";
		};
		311820BD29258F260067A2C1 /* RepoSaverHES */ = {
			isa = PBXGroup;
			children = (
				31E960912926D6B7008DCFB3 /* Info.plist */,
				311820BE29258F260067A2C1 /* RepoSaverHESApp.swift */,
				311820CC29258F8B0067A2C1 /* Views */,
				311820CD29258F970067A2C1 /* ViewModels */,
				311820CE29258F9D0067A2C1 /* Models */,
				3132AA0C29294305006DE243 /* Manager */,
				311820D029258FAF0067A2C1 /* Networking */,
				311820CF29258FA50067A2C1 /* Extensions */,
				31D192B62925D12C00CD869E /* Assests */,
				311820C429258F270067A2C1 /* Preview Content */,
			);
			path = RepoSaverHES;
			sourceTree = "<group>";
		};
		311820C429258F270067A2C1 /* Preview Content */ = {
			isa = PBXGroup;
			children = (
				311820C529258F270067A2C1 /* Preview Assets.xcassets */,
			);
			path = "Preview Content";
			sourceTree = "<group>";
		};
		311820CC29258F8B0067A2C1 /* Views */ = {
			isa = PBXGroup;
			children = (
				311820C029258F260067A2C1 /* RepoListView.swift */,
				3132AA08292915B6006DE243 /* FavoritesView.swift */,
				31D192B72925DAD800CD869E /* SubViews */,
			);
			path = Views;
			sourceTree = "<group>";
		};
		311820CD29258F970067A2C1 /* ViewModels */ = {
			isa = PBXGroup;
			children = (
				31CD064A2925A14800D0640D /* RepoVM.swift */,
				31D192BC2925F3E800CD869E /* RepoCellVM.swift */,
				3132AA162929AB4B006DE243 /* FavoriteVM.swift */,
			);
			path = ViewModels;
			sourceTree = "<group>";
		};
		311820CE29258F9D0067A2C1 /* Models */ = {
			isa = PBXGroup;
			children = (
				3132AA0029280A22006DE243 /* Item.swift */,
				31CD06402925927700D0640D /* Repo.swift */,
				31CD06422925931B00D0640D /* Owner.swift */,
				31CD06442925935A00D0640D /* Favorite.swift */,
			);
			path = Models;
			sourceTree = "<group>";
		};
		311820CF29258FA50067A2C1 /* Extensions */ = {
			isa = PBXGroup;
			children = (
				31D192BE2925FC5700CD869E /* Dictionary-Ext.swift */,
				3132AA0A29292395006DE243 /* Binding-Ext.swift */,
				3132AA0F2929511D006DE243 /* String-Ext.swift */,
				3132AA1A2929E971006DE243 /* Color-Ext.swift */,
				31E9608F2926C93E008DCFB3 /* HostingController.swift */,
			);
			path = Extensions;
			sourceTree = "<group>";
		};
		311820D029258FAF0067A2C1 /* Networking */ = {
			isa = PBXGroup;
			children = (
				31CD06462925A01300D0640D /* MoyaTarget.swift */,
				31CD06482925A06300D0640D /* RepoService.swift */,
			);
			path = Networking;
			sourceTree = "<group>";
		};
		3132AA0C29294305006DE243 /* Manager */ = {
			isa = PBXGroup;
			children = (
				3132AA0D29294324006DE243 /* LocalFileManager.swift */,
				3132AA182929DF59006DE243 /* CacheManager.swift */,
			);
			path = Manager;
			sourceTree = "<group>";
		};
		3132AA132929A87A006DE243 /* Components */ = {
			isa = PBXGroup;
			children = (
				3132AA142929A894006DE243 /* CustomBorder.swift */,
			);
			path = Components;
			sourceTree = "<group>";
		};
		31D192B62925D12C00CD869E /* Assests */ = {
			isa = PBXGroup;
			children = (
				311820C229258F270067A2C1 /* Assets.xcassets */,
				31D192B42925CFAB00CD869E /* Colors.xcassets */,
			);
			path = Assests;
			sourceTree = "<group>";
		};
		31D192B72925DAD800CD869E /* SubViews */ = {
			isa = PBXGroup;
			children = (
				3132AA132929A87A006DE243 /* Components */,
				31D192B82925DB0500CD869E /* RepoCell.swift */,
				31D192BA2925F1EC00CD869E /* RepoHeader.swift */,
				31DA8E3229270A3D0055098D /* RepoSearchBar.swift */,
				3132AA022928470A006DE243 /* AvatarImage.swift */,
				3132AA112929A49B006DE243 /* RepoBody.swift */,
			);
			path = SubViews;
			sourceTree = "<group>";
		};
/* End PBXGroup section */

/* Begin PBXNativeTarget section */
		311820BA29258F260067A2C1 /* RepoSaverHES */ = {
			isa = PBXNativeTarget;
			buildConfigurationList = 311820C929258F270067A2C1 /* Build configuration list for PBXNativeTarget "RepoSaverHES" */;
			buildPhases = (
				311820B729258F260067A2C1 /* Sources */,
				311820B829258F260067A2C1 /* Frameworks */,
				311820B929258F260067A2C1 /* Resources */,
			);
			buildRules = (
			);
			dependencies = (
			);
			name = RepoSaverHES;
			packageProductDependencies = (
				311820D2292590DC0067A2C1 /* Realm */,
				311820D4292590DC0067A2C1 /* RealmSwift */,
				311820D7292591090067A2C1 /* Moya */,
				31E9608D2926B3E3008DCFB3 /* AlamofireImage */,
			);
			productName = RepoSaverHES;
			productReference = 311820BB29258F260067A2C1 /* RepoSaverHES.app */;
			productType = "com.apple.product-type.application";
		};
/* End PBXNativeTarget section */

/* Begin PBXProject section */
		311820B329258F260067A2C1 /* Project object */ = {
			isa = PBXProject;
			attributes = {
				BuildIndependentTargetsInParallel = 1;
				LastSwiftUpdateCheck = 1400;
				LastUpgradeCheck = 1400;
				TargetAttributes = {
					311820BA29258F260067A2C1 = {
						CreatedOnToolsVersion = 14.0;
					};
				};
			};
			buildConfigurationList = 311820B629258F260067A2C1 /* Build configuration list for PBXProject "RepoSaverHES" */;
			compatibilityVersion = "Xcode 14.0";
			developmentRegion = en;
			hasScannedForEncodings = 0;
			knownRegions = (
				en,
				Base,
			);
			mainGroup = 311820B229258F260067A2C1;
			packageReferences = (
				311820D1292590DC0067A2C1 /* XCRemoteSwiftPackageReference "realm-cocoa" */,
				311820D6292591090067A2C1 /* XCRemoteSwiftPackageReference "Moya" */,
				31E9608C2926B3E3008DCFB3 /* XCRemoteSwiftPackageReference "AlamofireImage" */,
			);
			productRefGroup = 311820BC29258F260067A2C1 /* Products */;
			projectDirPath = "";
			projectRoot = "";
			targets = (
				311820BA29258F260067A2C1 /* RepoSaverHES */,
			);
		};
/* End PBXProject section */

/* Begin PBXResourcesBuildPhase section */
		311820B929258F260067A2C1 /* Resources */ = {
			isa = PBXResourcesBuildPhase;
			buildActionMask = 2147483647;
			files = (
				31D192B52925CFAB00CD869E /* Colors.xcassets in Resources */,
				311820C629258F270067A2C1 /* Preview Assets.xcassets in Resources */,
				311820C329258F270067A2C1 /* Assets.xcassets in Resources */,
			);
			runOnlyForDeploymentPostprocessing = 0;
		};
/* End PBXResourcesBuildPhase section */

/* Begin PBXSourcesBuildPhase section */
		311820B729258F260067A2C1 /* Sources */ = {
			isa = PBXSourcesBuildPhase;
			buildActionMask = 2147483647;
			files = (
				3132AA032928470A006DE243 /* AvatarImage.swift in Sources */,
				31CD064B2925A14800D0640D /* RepoVM.swift in Sources */,
				31E960902926C93E008DCFB3 /* HostingController.swift in Sources */,
				3132AA122929A49B006DE243 /* RepoBody.swift in Sources */,
				3132AA192929DF59006DE243 /* CacheManager.swift in Sources */,
				31CD06452925935A00D0640D /* Favorite.swift in Sources */,
				31D192BD2925F3E800CD869E /* RepoCellVM.swift in Sources */,
				3132AA0129280A22006DE243 /* Item.swift in Sources */,
				31D192BF2925FC5700CD869E /* Dictionary-Ext.swift in Sources */,
				31D192BB2925F1EC00CD869E /* RepoHeader.swift in Sources */,
				3132AA09292915B6006DE243 /* FavoritesView.swift in Sources */,
				31CD06412925927700D0640D /* Repo.swift in Sources */,
				3132AA0B29292395006DE243 /* Binding-Ext.swift in Sources */,
				31CD06472925A01300D0640D /* MoyaTarget.swift in Sources */,
				31CD06432925931B00D0640D /* Owner.swift in Sources */,
				3132AA102929511D006DE243 /* String-Ext.swift in Sources */,
				3132AA1B2929E971006DE243 /* Color-Ext.swift in Sources */,
				31DA8E3329270A3D0055098D /* RepoSearchBar.swift in Sources */,
				3132AA172929AB4B006DE243 /* FavoriteVM.swift in Sources */,
				31D192B92925DB0500CD869E /* RepoCell.swift in Sources */,
				3132AA0E29294324006DE243 /* LocalFileManager.swift in Sources */,
				311820C129258F260067A2C1 /* RepoListView.swift in Sources */,
				311820BF29258F260067A2C1 /* RepoSaverHESApp.swift in Sources */,
				3132AA152929A894006DE243 /* CustomBorder.swift in Sources */,
				31CD06492925A06300D0640D /* RepoService.swift in Sources */,
			);
			runOnlyForDeploymentPostprocessing = 0;
		};
/* End PBXSourcesBuildPhase section */

/* Begin XCBuildConfiguration section */
		311820C729258F270067A2C1 /* Debug */ = {
			isa = XCBuildConfiguration;
			buildSettings = {
				ALWAYS_SEARCH_USER_PATHS = NO;
				CLANG_ANALYZER_NONNULL = YES;
				CLANG_ANALYZER_NUMBER_OBJECT_CONVERSION = YES_AGGRESSIVE;
				CLANG_CXX_LANGUAGE_STANDARD = "gnu++20";
				CLANG_ENABLE_MODULES = YES;
				CLANG_ENABLE_OBJC_ARC = YES;
				CLANG_ENABLE_OBJC_WEAK = YES;
				CLANG_WARN_BLOCK_CAPTURE_AUTORELEASING = YES;
				CLANG_WARN_BOOL_CONVERSION = YES;
				CLANG_WARN_COMMA = YES;
				CLANG_WARN_CONSTANT_CONVERSION = YES;
				CLANG_WARN_DEPRECATED_OBJC_IMPLEMENTATIONS = YES;
				CLANG_WARN_DIRECT_OBJC_ISA_USAGE = YES_ERROR;
				CLANG_WARN_DOCUMENTATION_COMMENTS = YES;
				CLANG_WARN_EMPTY_BODY = YES;
				CLANG_WARN_ENUM_CONVERSION = YES;
				CLANG_WARN_INFINITE_RECURSION = YES;
				CLANG_WARN_INT_CONVERSION = YES;
				CLANG_WARN_NON_LITERAL_NULL_CONVERSION = YES;
				CLANG_WARN_OBJC_IMPLICIT_RETAIN_SELF = YES;
				CLANG_WARN_OBJC_LITERAL_CONVERSION = YES;
				CLANG_WARN_OBJC_ROOT_CLASS = YES_ERROR;
				CLANG_WARN_QUOTED_INCLUDE_IN_FRAMEWORK_HEADER = YES;
				CLANG_WARN_RANGE_LOOP_ANALYSIS = YES;
				CLANG_WARN_STRICT_PROTOTYPES = YES;
				CLANG_WARN_SUSPICIOUS_MOVE = YES;
				CLANG_WARN_UNGUARDED_AVAILABILITY = YES_AGGRESSIVE;
				CLANG_WARN_UNREACHABLE_CODE = YES;
				CLANG_WARN__DUPLICATE_METHOD_MATCH = YES;
				COPY_PHASE_STRIP = NO;
				DEBUG_INFORMATION_FORMAT = dwarf;
				ENABLE_STRICT_OBJC_MSGSEND = YES;
				ENABLE_TESTABILITY = YES;
				GCC_C_LANGUAGE_STANDARD = gnu11;
				GCC_DYNAMIC_NO_PIC = NO;
				GCC_NO_COMMON_BLOCKS = YES;
				GCC_OPTIMIZATION_LEVEL = 0;
				GCC_PREPROCESSOR_DEFINITIONS = (
					"DEBUG=1",
					"$(inherited)",
				);
				GCC_WARN_64_TO_32_BIT_CONVERSION = YES;
				GCC_WARN_ABOUT_RETURN_TYPE = YES_ERROR;
				GCC_WARN_UNDECLARED_SELECTOR = YES;
				GCC_WARN_UNINITIALIZED_AUTOS = YES_AGGRESSIVE;
				GCC_WARN_UNUSED_FUNCTION = YES;
				GCC_WARN_UNUSED_VARIABLE = YES;
				INFOPLIST_KEY_UIStatusBarStyle = UIStatusBarStyleDarkContent;
				IPHONEOS_DEPLOYMENT_TARGET = 16.0;
				MTL_ENABLE_DEBUG_INFO = INCLUDE_SOURCE;
				MTL_FAST_MATH = YES;
				ONLY_ACTIVE_ARCH = YES;
				SDKROOT = iphoneos;
				SWIFT_ACTIVE_COMPILATION_CONDITIONS = DEBUG;
				SWIFT_OPTIMIZATION_LEVEL = "-Onone";
			};
			name = Debug;
		};
		311820C829258F270067A2C1 /* Release */ = {
			isa = XCBuildConfiguration;
			buildSettings = {
				ALWAYS_SEARCH_USER_PATHS = NO;
				CLANG_ANALYZER_NONNULL = YES;
				CLANG_ANALYZER_NUMBER_OBJECT_CONVERSION = YES_AGGRESSIVE;
				CLANG_CXX_LANGUAGE_STANDARD = "gnu++20";
				CLANG_ENABLE_MODULES = YES;
				CLANG_ENABLE_OBJC_ARC = YES;
				CLANG_ENABLE_OBJC_WEAK = YES;
				CLANG_WARN_BLOCK_CAPTURE_AUTORELEASING = YES;
				CLANG_WARN_BOOL_CONVERSION = YES;
				CLANG_WARN_COMMA = YES;
				CLANG_WARN_CONSTANT_CONVERSION = YES;
				CLANG_WARN_DEPRECATED_OBJC_IMPLEMENTATIONS = YES;
				CLANG_WARN_DIRECT_OBJC_ISA_USAGE = YES_ERROR;
				CLANG_WARN_DOCUMENTATION_COMMENTS = YES;
				CLANG_WARN_EMPTY_BODY = YES;
				CLANG_WARN_ENUM_CONVERSION = YES;
				CLANG_WARN_INFINITE_RECURSION = YES;
				CLANG_WARN_INT_CONVERSION = YES;
				CLANG_WARN_NON_LITERAL_NULL_CONVERSION = YES;
				CLANG_WARN_OBJC_IMPLICIT_RETAIN_SELF = YES;
				CLANG_WARN_OBJC_LITERAL_CONVERSION = YES;
				CLANG_WARN_OBJC_ROOT_CLASS = YES_ERROR;
				CLANG_WARN_QUOTED_INCLUDE_IN_FRAMEWORK_HEADER = YES;
				CLANG_WARN_RANGE_LOOP_ANALYSIS = YES;
				CLANG_WARN_STRICT_PROTOTYPES = YES;
				CLANG_WARN_SUSPICIOUS_MOVE = YES;
				CLANG_WARN_UNGUARDED_AVAILABILITY = YES_AGGRESSIVE;
				CLANG_WARN_UNREACHABLE_CODE = YES;
				CLANG_WARN__DUPLICATE_METHOD_MATCH = YES;
				COPY_PHASE_STRIP = NO;
				DEBUG_INFORMATION_FORMAT = "dwarf-with-dsym";
				ENABLE_NS_ASSERTIONS = NO;
				ENABLE_STRICT_OBJC_MSGSEND = YES;
				GCC_C_LANGUAGE_STANDARD = gnu11;
				GCC_NO_COMMON_BLOCKS = YES;
				GCC_WARN_64_TO_32_BIT_CONVERSION = YES;
				GCC_WARN_ABOUT_RETURN_TYPE = YES_ERROR;
				GCC_WARN_UNDECLARED_SELECTOR = YES;
				GCC_WARN_UNINITIALIZED_AUTOS = YES_AGGRESSIVE;
				GCC_WARN_UNUSED_FUNCTION = YES;
				GCC_WARN_UNUSED_VARIABLE = YES;
				INFOPLIST_KEY_UIStatusBarStyle = UIStatusBarStyleDarkContent;
				IPHONEOS_DEPLOYMENT_TARGET = 16.0;
				MTL_ENABLE_DEBUG_INFO = NO;
				MTL_FAST_MATH = YES;
				SDKROOT = iphoneos;
				SWIFT_COMPILATION_MODE = wholemodule;
				SWIFT_OPTIMIZATION_LEVEL = "-O";
				VALIDATE_PRODUCT = YES;
			};
			name = Release;
		};
		311820CA29258F270067A2C1 /* Debug */ = {
			isa = XCBuildConfiguration;
			buildSettings = {
				ASSETCATALOG_COMPILER_APPICON_NAME = AppIcon;
				ASSETCATALOG_COMPILER_GLOBAL_ACCENT_COLOR_NAME = AccentColor;
				CODE_SIGN_STYLE = Automatic;
				CURRENT_PROJECT_VERSION = 1;
				DEVELOPMENT_ASSET_PATHS = "\"RepoSaverHES/Preview Content\"";
				DEVELOPMENT_TEAM = 7HSG94ANS5;
				ENABLE_PREVIEWS = YES;
				GENERATE_INFOPLIST_FILE = YES;
				INFOPLIST_FILE = RepoSaverHES/Info.plist;
				INFOPLIST_KEY_UIApplicationSceneManifest_Generation = YES;
				INFOPLIST_KEY_UIApplicationSupportsIndirectInputEvents = YES;
				INFOPLIST_KEY_UILaunchScreen_Generation = YES;
				INFOPLIST_KEY_UIStatusBarHidden = NO;
				INFOPLIST_KEY_UIStatusBarStyle = UIStatusBarStyleLightContent;
				INFOPLIST_KEY_UISupportedInterfaceOrientations_iPad = "UIInterfaceOrientationPortrait UIInterfaceOrientationPortraitUpsideDown UIInterfaceOrientationLandscapeLeft UIInterfaceOrientationLandscapeRight";
				INFOPLIST_KEY_UISupportedInterfaceOrientations_iPhone = "UIInterfaceOrientationPortrait UIInterfaceOrientationLandscapeLeft UIInterfaceOrientationLandscapeRight";
				LD_RUNPATH_SEARCH_PATHS = (
					"$(inherited)",
					"@executable_path/Frameworks",
				);
				MARKETING_VERSION = 1.0;
				PRODUCT_BUNDLE_IDENTIFIER = com.c0derDre.RepoSaverHES;
				PRODUCT_NAME = "$(TARGET_NAME)";
				SWIFT_EMIT_LOC_STRINGS = YES;
				SWIFT_VERSION = 5.0;
				TARGETED_DEVICE_FAMILY = "1,2";
			};
			name = Debug;
		};
		311820CB29258F270067A2C1 /* Release */ = {
			isa = XCBuildConfiguration;
			buildSettings = {
				ASSETCATALOG_COMPILER_APPICON_NAME = AppIcon;
				ASSETCATALOG_COMPILER_GLOBAL_ACCENT_COLOR_NAME = AccentColor;
				CODE_SIGN_STYLE = Automatic;
				CURRENT_PROJECT_VERSION = 1;
				DEVELOPMENT_ASSET_PATHS = "\"RepoSaverHES/Preview Content\"";
				DEVELOPMENT_TEAM = 7HSG94ANS5;
				ENABLE_PREVIEWS = YES;
				GENERATE_INFOPLIST_FILE = YES;
				INFOPLIST_FILE = RepoSaverHES/Info.plist;
				INFOPLIST_KEY_UIApplicationSceneManifest_Generation = YES;
				INFOPLIST_KEY_UIApplicationSupportsIndirectInputEvents = YES;
				INFOPLIST_KEY_UILaunchScreen_Generation = YES;
				INFOPLIST_KEY_UIStatusBarHidden = NO;
				INFOPLIST_KEY_UIStatusBarStyle = UIStatusBarStyleLightContent;
				INFOPLIST_KEY_UISupportedInterfaceOrientations_iPad = "UIInterfaceOrientationPortrait UIInterfaceOrientationPortraitUpsideDown UIInterfaceOrientationLandscapeLeft UIInterfaceOrientationLandscapeRight";
				INFOPLIST_KEY_UISupportedInterfaceOrientations_iPhone = "UIInterfaceOrientationPortrait UIInterfaceOrientationLandscapeLeft UIInterfaceOrientationLandscapeRight";
				LD_RUNPATH_SEARCH_PATHS = (
					"$(inherited)",
					"@executable_path/Frameworks",
				);
				MARKETING_VERSION = 1.0;
				PRODUCT_BUNDLE_IDENTIFIER = com.c0derDre.RepoSaverHES;
				PRODUCT_NAME = "$(TARGET_NAME)";
				SWIFT_EMIT_LOC_STRINGS = YES;
				SWIFT_VERSION = 5.0;
				TARGETED_DEVICE_FAMILY = "1,2";
			};
			name = Release;
		};
/* End XCBuildConfiguration section */

/* Begin XCConfigurationList section */
		311820B629258F260067A2C1 /* Build configuration list for PBXProject "RepoSaverHES" */ = {
			isa = XCConfigurationList;
			buildConfigurations = (
				311820C729258F270067A2C1 /* Debug */,
				311820C829258F270067A2C1 /* Release */,
			);
			defaultConfigurationIsVisible = 0;
			defaultConfigurationName = Release;
		};
		311820C929258F270067A2C1 /* Build configuration list for PBXNativeTarget "RepoSaverHES" */ = {
			isa = XCConfigurationList;
			buildConfigurations = (
				311820CA29258F270067A2C1 /* Debug */,
				311820CB29258F270067A2C1 /* Release */,
			);
			defaultConfigurationIsVisible = 0;
			defaultConfigurationName = Release;
		};
/* End XCConfigurationList section */

/* Begin XCRemoteSwiftPackageReference section */
		311820D1292590DC0067A2C1 /* XCRemoteSwiftPackageReference "realm-cocoa" */ = {
			isa = XCRemoteSwiftPackageReference;
			repositoryURL = "https://github.com/realm/realm-cocoa";
			requirement = {
				branch = master;
				kind = branch;
			};
		};
		311820D6292591090067A2C1 /* XCRemoteSwiftPackageReference "Moya" */ = {
			isa = XCRemoteSwiftPackageReference;
			repositoryURL = "https://github.com/Moya/Moya.git";
			requirement = {
				branch = master;
				kind = branch;
			};
		};
		31E9608C2926B3E3008DCFB3 /* XCRemoteSwiftPackageReference "AlamofireImage" */ = {
			isa = XCRemoteSwiftPackageReference;
			repositoryURL = "https://github.com/Alamofire/AlamofireImage.git";
			requirement = {
				branch = master;
				kind = branch;
			};
		};
/* End XCRemoteSwiftPackageReference section */

/* Begin XCSwiftPackageProductDependency section */
		311820D2292590DC0067A2C1 /* Realm */ = {
			isa = XCSwiftPackageProductDependency;
			package = 311820D1292590DC0067A2C1 /* XCRemoteSwiftPackageReference "realm-cocoa" */;
			productName = Realm;
		};
		311820D4292590DC0067A2C1 /* RealmSwift */ = {
			isa = XCSwiftPackageProductDependency;
			package = 311820D1292590DC0067A2C1 /* XCRemoteSwiftPackageReference "realm-cocoa" */;
			productName = RealmSwift;
		};
		311820D7292591090067A2C1 /* Moya */ = {
			isa = XCSwiftPackageProductDependency;
			package = 311820D6292591090067A2C1 /* XCRemoteSwiftPackageReference "Moya" */;
			productName = Moya;
		};
		31E9608D2926B3E3008DCFB3 /* AlamofireImage */ = {
			isa = XCSwiftPackageProductDependency;
			package = 31E9608C2926B3E3008DCFB3 /* XCRemoteSwiftPackageReference "AlamofireImage" */;
			productName = AlamofireImage;
		};
/* End XCSwiftPackageProductDependency section */
	};
	rootObject = 311820B329258F260067A2C1 /* Project object */;
}
